
Microsoft Visual Studio Solution File, Format Version 12.00
# Visual Studio Version 17
VisualStudioVersion = 17.7.34202.233
MinimumVisualStudioVersion = 10.0.40219.1
Project("{FAE04EC0-301F-11D3-BF4B-00C04F79EFBC}") = "SQLStartupFSM", "SQLStartupFSM.csproj", "{A10D25F0-E568-4237-A28E-F8B65867909F}"
EndProject
Global
	GlobalSection(SolutionConfigurationPlatforms) = preSolution
		Debug|Any CPU = Debug|Any CPU
		Release|Any CPU = Release|Any CPU
	EndGlobalSection
	GlobalSection(ProjectConfigurationPlatforms) = postSolution
		{A10D25F0-E568-4237-A28E-F8B65867909F}.Debug|Any CPU.ActiveCfg = Debug|Any CPU
		{A10D25F0-E568-4237-A28E-F8B65867909F}.Debug|Any CPU.Build.0 = Debug|Any CPU
		{A10D25F0-E568-4237-A28E-F8B65867909F}.Release|Any CPU.ActiveCfg = Release|Any CPU
		{A10D25F0-E568-4237-A28E-F8B65867909F}.Release|Any CPU.Build.0 = Release|Any CPU
	EndGlobalSection
	GlobalSection(SolutionProperties) = preSolution
		HideSolutionNode = FALSE
	EndGlobalSection
	GlobalSection(ExtensibilityGlobals) = postSolution
		SolutionGuid = {1C5006AD-2697-4B7F-B5EA-9FF5FC32C87E}
	EndGlobalSection
EndGlobal
